// !$*UTF8*$!
{
	archiveVersion = 1;
	classes = {
	};
	objectVersion = 48;
	objects = {

/* Begin PBXBuildFile section */
		2439723BF9B7F7FE4CC8D5E7 /* Pods_AutoUITestDemo.framework in Frameworks */ = {isa = PBXBuildFile; fileRef = 794576DF41ED8CC931D90EA8 /* Pods_AutoUITestDemo.framework */; };
		99B9C40020D0B25000ADDF01 /* AppDelegate.swift in Sources */ = {isa = PBXBuildFile; fileRef = 99B9C3FF20D0B25000ADDF01 /* AppDelegate.swift */; };
		99B9C40220D0B25000ADDF01 /* ViewController.swift in Sources */ = {isa = PBXBuildFile; fileRef = 99B9C40120D0B25000ADDF01 /* ViewController.swift */; };
		99B9C40520D0B25000ADDF01 /* Main.storyboard in Resources */ = {isa = PBXBuildFile; fileRef = 99B9C40320D0B25000ADDF01 /* Main.storyboard */; };
		99B9C40720D0B25000ADDF01 /* Assets.xcassets in Resources */ = {isa = PBXBuildFile; fileRef = 99B9C40620D0B25000ADDF01 /* Assets.xcassets */; };
		99B9C40A20D0B25000ADDF01 /* LaunchScreen.storyboard in Resources */ = {isa = PBXBuildFile; fileRef = 99B9C40820D0B25000ADDF01 /* LaunchScreen.storyboard */; };
		99B9C41620D0B3BF00ADDF01 /* adImage1.gif in Resources */ = {isa = PBXBuildFile; fileRef = 99B9C41220D0B3BF00ADDF01 /* adImage1.gif */; };
		99B9C41720D0B3BF00ADDF01 /* adImage3.jpg in Resources */ = {isa = PBXBuildFile; fileRef = 99B9C41320D0B3BF00ADDF01 /* adImage3.jpg */; };
		99B9C41820D0B3BF00ADDF01 /* adImage2.jpg in Resources */ = {isa = PBXBuildFile; fileRef = 99B9C41420D0B3BF00ADDF01 /* adImage2.jpg */; };
		99B9C41920D0B3BF00ADDF01 /* index.png in Resources */ = {isa = PBXBuildFile; fileRef = 99B9C41520D0B3BF00ADDF01 /* index.png */; };
		99B9C41B20D0B7DE00ADDF01 /* LoginViewController.swift in Sources */ = {isa = PBXBuildFile; fileRef = 99B9C41A20D0B7DE00ADDF01 /* LoginViewController.swift */; };
/* End PBXBuildFile section */

/* Begin PBXFileReference section */
		794576DF41ED8CC931D90EA8 /* Pods_AutoUITestDemo.framework */ = {isa = PBXFileReference; explicitFileType = wrapper.framework; includeInIndex = 0; path = Pods_AutoUITestDemo.framework; sourceTree = BUILT_PRODUCTS_DIR; };
		8A235EFC45809D49BAE8994D /* Pods-AutoUITestDemo.release.xcconfig */ = {isa = PBXFileReference; includeInIndex = 1; lastKnownFileType = text.xcconfig; name = "Pods-AutoUITestDemo.release.xcconfig"; path = "Pods/Target Support Files/Pods-AutoUITestDemo/Pods-AutoUITestDemo.release.xcconfig"; sourceTree = "<group>"; };
		99B9C3FC20D0B25000ADDF01 /* AutoUITestDemo.app */ = {isa = PBXFileReference; explicitFileType = wrapper.application; includeInIndex = 0; path = AutoUITestDemo.app; sourceTree = BUILT_PRODUCTS_DIR; };
		99B9C3FF20D0B25000ADDF01 /* AppDelegate.swift */ = {isa = PBXFileReference; lastKnownFileType = sourcecode.swift; path = AppDelegate.swift; sourceTree = "<group>"; };
		99B9C40120D0B25000ADDF01 /* ViewController.swift */ = {isa = PBXFileReference; lastKnownFileType = sourcecode.swift; path = ViewController.swift; sourceTree = "<group>"; };
		99B9C40420D0B25000ADDF01 /* Base */ = {isa = PBXFileReference; lastKnownFileType = file.storyboard; name = Base; path = Base.lproj/Main.storyboard; sourceTree = "<group>"; };
		99B9C40620D0B25000ADDF01 /* Assets.xcassets */ = {isa = PBXFileReference; lastKnownFileType = folder.assetcatalog; path = Assets.xcassets; sourceTree = "<group>"; };
		99B9C40920D0B25000ADDF01 /* Base */ = {isa = PBXFileReference; lastKnownFileType = file.storyboard; name = Base; path = Base.lproj/LaunchScreen.storyboard; sourceTree = "<group>"; };
		99B9C40B20D0B25000ADDF01 /* Info.plist */ = {isa = PBXFileReference; lastKnownFileType = text.plist.xml; path = Info.plist; sourceTree = "<group>"; };
		99B9C41220D0B3BF00ADDF01 /* adImage1.gif */ = {isa = PBXFileReference; lastKnownFileType = image.gif; path = adImage1.gif; sourceTree = "<group>"; };
		99B9C41320D0B3BF00ADDF01 /* adImage3.jpg */ = {isa = PBXFileReference; lastKnownFileType = image.jpeg; path = adImage3.jpg; sourceTree = "<group>"; };
		99B9C41420D0B3BF00ADDF01 /* adImage2.jpg */ = {isa = PBXFileReference; lastKnownFileType = image.jpeg; path = adImage2.jpg; sourceTree = "<group>"; };
		99B9C41520D0B3BF00ADDF01 /* index.png */ = {isa = PBXFileReference; lastKnownFileType = image.png; path = index.png; sourceTree = "<group>"; };
		99B9C41A20D0B7DE00ADDF01 /* LoginViewController.swift */ = {isa = PBXFileReference; lastKnownFileType = sourcecode.swift; path = LoginViewController.swift; sourceTree = "<group>"; };
		D5D3DDA3BDC4C5C733934A4A /* Pods-AutoUITestDemo.debug.xcconfig */ = {isa = PBXFileReference; includeInIndex = 1; lastKnownFileType = text.xcconfig; name = "Pods-AutoUITestDemo.debug.xcconfig"; path = "Pods/Target Support Files/Pods-AutoUITestDemo/Pods-AutoUITestDemo.debug.xcconfig"; sourceTree = "<group>"; };
/* End PBXFileReference section */

/* Begin PBXFrameworksBuildPhase section */
		99B9C3F920D0B25000ADDF01 /* Frameworks */ = {
			isa = PBXFrameworksBuildPhase;
			buildActionMask = 2147483647;
			files = (
				2439723BF9B7F7FE4CC8D5E7 /* Pods_AutoUITestDemo.framework in Frameworks */,
			);
			runOnlyForDeploymentPostprocessing = 0;
		};
/* End PBXFrameworksBuildPhase section */

/* Begin PBXGroup section */
		7BD96568F0FA2A9AF70D3C2E /* Frameworks */ = {
			isa = PBXGroup;
			children = (
				794576DF41ED8CC931D90EA8 /* Pods_AutoUITestDemo.framework */,
			);
			name = Frameworks;
			sourceTree = "<group>";
		};
		99B9C3F320D0B25000ADDF01 = {
			isa = PBXGroup;
			children = (
				99B9C3FE20D0B25000ADDF01 /* AutoUITestDemo */,
				99B9C3FD20D0B25000ADDF01 /* Products */,
				F98C8D9B010295523106C2A4 /* Pods */,
				7BD96568F0FA2A9AF70D3C2E /* Frameworks */,
			);
			sourceTree = "<group>";
		};
		99B9C3FD20D0B25000ADDF01 /* Products */ = {
			isa = PBXGroup;
			children = (
				99B9C3FC20D0B25000ADDF01 /* AutoUITestDemo.app */,
			);
			name = Products;
			sourceTree = "<group>";
		};
		99B9C3FE20D0B25000ADDF01 /* AutoUITestDemo */ = {
			isa = PBXGroup;
			children = (
				99B9C41120D0B3BF00ADDF01 /* Images */,
				99B9C3FF20D0B25000ADDF01 /* AppDelegate.swift */,
				99B9C40120D0B25000ADDF01 /* ViewController.swift */,
				99B9C41A20D0B7DE00ADDF01 /* LoginViewController.swift */,
				99B9C40320D0B25000ADDF01 /* Main.storyboard */,
				99B9C40620D0B25000ADDF01 /* Assets.xcassets */,
				99B9C40820D0B25000ADDF01 /* LaunchScreen.storyboard */,
				99B9C40B20D0B25000ADDF01 /* Info.plist */,
			);
			path = AutoUITestDemo;
			sourceTree = "<group>";
		};
		99B9C41120D0B3BF00ADDF01 /* Images */ = {
			isa = PBXGroup;
			children = (
				99B9C41220D0B3BF00ADDF01 /* adImage1.gif */,
				99B9C41320D0B3BF00ADDF01 /* adImage3.jpg */,
				99B9C41420D0B3BF00ADDF01 /* adImage2.jpg */,
				99B9C41520D0B3BF00ADDF01 /* index.png */,
			);
			path = Images;
			sourceTree = "<group>";
		};
		F98C8D9B010295523106C2A4 /* Pods */ = {
			isa = PBXGroup;
			children = (
				D5D3DDA3BDC4C5C733934A4A /* Pods-AutoUITestDemo.debug.xcconfig */,
				8A235EFC45809D49BAE8994D /* Pods-AutoUITestDemo.release.xcconfig */,
			);
			name = Pods;
			sourceTree = "<group>";
		};
/* End PBXGroup section */

/* Begin PBXNativeTarget section */
		99B9C3FB20D0B25000ADDF01 /* AutoUITestDemo */ = {
			isa = PBXNativeTarget;
			buildConfigurationList = 99B9C40E20D0B25000ADDF01 /* Build configuration list for PBXNativeTarget "AutoUITestDemo" */;
			buildPhases = (
				65D8DA9323B89FC7E5AEA493 /* [CP] Check Pods Manifest.lock */,
				99B9C3F820D0B25000ADDF01 /* Sources */,
				99B9C3F920D0B25000ADDF01 /* Frameworks */,
				99B9C3FA20D0B25000ADDF01 /* Resources */,
				46E32A6C548AA7D1B493D241 /* [CP] Embed Pods Frameworks */,
			);
			buildRules = (
			);
			dependencies = (
			);
			name = AutoUITestDemo;
			productName = AutoUITestDemo;
			productReference = 99B9C3FC20D0B25000ADDF01 /* AutoUITestDemo.app */;
			productType = "com.apple.product-type.application";
		};
/* End PBXNativeTarget section */

/* Begin PBXProject section */
		99B9C3F420D0B25000ADDF01 /* Project object */ = {
			isa = PBXProject;
			attributes = {
				LastSwiftUpdateCheck = 0920;
				LastUpgradeCheck = 0920;
				ORGANIZATIONNAME = lisilong;
				TargetAttributes = {
					99B9C3FB20D0B25000ADDF01 = {
						CreatedOnToolsVersion = 9.2;
						ProvisioningStyle = Automatic;
					};
				};
			};
			buildConfigurationList = 99B9C3F720D0B25000ADDF01 /* Build configuration list for PBXProject "AutoUITestDemo" */;
			compatibilityVersion = "Xcode 8.0";
			developmentRegion = en;
			hasScannedForEncodings = 0;
			knownRegions = (
				en,
				Base,
			);
			mainGroup = 99B9C3F320D0B25000ADDF01;
			productRefGroup = 99B9C3FD20D0B25000ADDF01 /* Products */;
			projectDirPath = "";
			projectRoot = "";
			targets = (
				99B9C3FB20D0B25000ADDF01 /* AutoUITestDemo */,
			);
		};
/* End PBXProject section */

/* Begin PBXResourcesBuildPhase section */
		99B9C3FA20D0B25000ADDF01 /* Resources */ = {
			isa = PBXResourcesBuildPhase;
			buildActionMask = 2147483647;
			files = (
				99B9C40A20D0B25000ADDF01 /* LaunchScreen.storyboard in Resources */,
				99B9C41620D0B3BF00ADDF01 /* adImage1.gif in Resources */,
				99B9C40720D0B25000ADDF01 /* Assets.xcassets in Resources */,
				99B9C41720D0B3BF00ADDF01 /* adImage3.jpg in Resources */,
				99B9C41820D0B3BF00ADDF01 /* adImage2.jpg in Resources */,
				99B9C40520D0B25000ADDF01 /* Main.storyboard in Resources */,
				99B9C41920D0B3BF00ADDF01 /* index.png in Resources */,
			);
			runOnlyForDeploymentPostprocessing = 0;
		};
/* End PBXResourcesBuildPhase section */

/* Begin PBXShellScriptBuildPhase section */
		46E32A6C548AA7D1B493D241 /* [CP] Embed Pods Frameworks */ = {
			isa = PBXShellScriptBuildPhase;
			buildActionMask = 2147483647;
			files = (
			);
			inputPaths = (
				"${SRCROOT}/Pods/Target Support Files/Pods-AutoUITestDemo/Pods-AutoUITestDemo-frameworks.sh",
				"${BUILT_PRODUCTS_DIR}/GuidePageView/GuidePageView.framework",
			);
			name = "[CP] Embed Pods Frameworks";
			outputPaths = (
				"${TARGET_BUILD_DIR}/${FRAMEWORKS_FOLDER_PATH}/GuidePageView.framework",
			);
			runOnlyForDeploymentPostprocessing = 0;
			shellPath = /bin/sh;
			shellScript = "\"${SRCROOT}/Pods/Target Support Files/Pods-AutoUITestDemo/Pods-AutoUITestDemo-frameworks.sh\"\n";
			showEnvVarsInLog = 0;
		};
		65D8DA9323B89FC7E5AEA493 /* [CP] Check Pods Manifest.lock */ = {
			isa = PBXShellScriptBuildPhase;
			buildActionMask = 2147483647;
			files = (
			);
			inputPaths = (
				"${PODS_PODFILE_DIR_PATH}/Podfile.lock",
				"${PODS_ROOT}/Manifest.lock",
			);
			name = "[CP] Check Pods Manifest.lock";
			outputPaths = (
				"$(DERIVED_FILE_DIR)/Pods-AutoUITestDemo-checkManifestLockResult.txt",
			);
			runOnlyForDeploymentPostprocessing = 0;
			shellPath = /bin/sh;
			shellScript = "diff \"${PODS_PODFILE_DIR_PATH}/Podfile.lock\" \"${PODS_ROOT}/Manifest.lock\" > /dev/null\nif [ $? != 0 ] ; then\n    # print error to STDERR\n    echo \"error: The sandbox is not in sync with the Podfile.lock. Run 'pod install' or update your CocoaPods installation.\" >&2\n    exit 1\nfi\n# This output is used by Xcode 'outputs' to avoid re-running this script phase.\necho \"SUCCESS\" > \"${SCRIPT_OUTPUT_FILE_0}\"\n";
			showEnvVarsInLog = 0;
		};
/* End PBXShellScriptBuildPhase section */

/* Begin PBXSourcesBuildPhase section */
		99B9C3F820D0B25000ADDF01 /* Sources */ = {
			isa = PBXSourcesBuildPhase;
			buildActionMask = 2147483647;
			files = (
				99B9C41B20D0B7DE00ADDF01 /* LoginViewController.swift in Sources */,
				99B9C40220D0B25000ADDF01 /* ViewController.swift in Sources */,
				99B9C40020D0B25000ADDF01 /* AppDelegate.swift in Sources */,
			);
			runOnlyForDeploymentPostprocessing = 0;
		};
/* End PBXSourcesBuildPhase section */

/* Begin PBXVariantGroup section */
		99B9C40320D0B25000ADDF01 /* Main.storyboard */ = {
			isa = PBXVariantGroup;
			children = (
				99B9C40420D0B25000ADDF01 /* Base */,
			);
			name = Main.storyboard;
			sourceTree = "<group>";
		};
		99B9C40820D0B25000ADDF01 /* LaunchScreen.storyboard */ = {
			isa = PBXVariantGroup;
			children = (
				99B9C40920D0B25000ADDF01 /* Base */,
			);
			name = LaunchScreen.storyboard;
			sourceTree = "<group>";
		};
/* End PBXVariantGroup section */

/* Begin XCBuildConfiguration section */
		99B9C40C20D0B25000ADDF01 /* Debug */ = {
			isa = XCBuildConfiguration;
			buildSettings = {
				ALWAYS_SEARCH_USER_PATHS = NO;
				CLANG_ANALYZER_NONNULL = YES;
				CLANG_ANALYZER_NUMBER_OBJECT_CONVERSION = YES_AGGRESSIVE;
				CLANG_CXX_LANGUAGE_STANDARD = "gnu++14";
				CLANG_CXX_LIBRARY = "libc++";
				CLANG_ENABLE_MODULES = YES;
				CLANG_ENABLE_OBJC_ARC = YES;
				CLANG_WARN_BLOCK_CAPTURE_AUTORELEASING = YES;
				CLANG_WARN_BOOL_CONVERSION = YES;
				CLANG_WARN_COMMA = YES;
				CLANG_WARN_CONSTANT_CONVERSION = YES;
				CLANG_WARN_DIRECT_OBJC_ISA_USAGE = YES_ERROR;
				CLANG_WARN_DOCUMENTATION_COMMENTS = YES;
				CLANG_WARN_EMPTY_BODY = YES;
				CLANG_WARN_ENUM_CONVERSION = YES;
				CLANG_WARN_INFINITE_RECURSION = YES;
				CLANG_WARN_INT_CONVERSION = YES;
				CLANG_WARN_NON_LITERAL_NULL_CONVERSION = YES;
				CLANG_WARN_OBJC_LITERAL_CONVERSION = YES;
				CLANG_WARN_OBJC_ROOT_CLASS = YES_ERROR;
				CLANG_WARN_RANGE_LOOP_ANALYSIS = YES;
				CLANG_WARN_STRICT_PROTOTYPES = YES;
				CLANG_WARN_SUSPICIOUS_MOVE = YES;
				CLANG_WARN_UNGUARDED_AVAILABILITY = YES_AGGRESSIVE;
				CLANG_WARN_UNREACHABLE_CODE = YES;
				CLANG_WARN__DUPLICATE_METHOD_MATCH = YES;
				CODE_SIGN_IDENTITY = "iPhone Developer";
				COPY_PHASE_STRIP = NO;
				DEBUG_INFORMATION_FORMAT = dwarf;
				ENABLE_STRICT_OBJC_MSGSEND = YES;
				ENABLE_TESTABILITY = YES;
				GCC_C_LANGUAGE_STANDARD = gnu11;
				GCC_DYNAMIC_NO_PIC = NO;
				GCC_NO_COMMON_BLOCKS = YES;
				GCC_OPTIMIZATION_LEVEL = 0;
				GCC_PREPROCESSOR_DEFINITIONS = (
					"DEBUG=1",
					"$(inherited)",
				);
				GCC_WARN_64_TO_32_BIT_CONVERSION = YES;
				GCC_WARN_ABOUT_RETURN_TYPE = YES_ERROR;
				GCC_WARN_UNDECLARED_SELECTOR = YES;
				GCC_WARN_UNINITIALIZED_AUTOS = YES_AGGRESSIVE;
				GCC_WARN_UNUSED_FUNCTION = YES;
				GCC_WARN_UNUSED_VARIABLE = YES;
				IPHONEOS_DEPLOYMENT_TARGET = 11.2;
				MTL_ENABLE_DEBUG_INFO = YES;
				ONLY_ACTIVE_ARCH = YES;
				SDKROOT = iphoneos;
				SWIFT_ACTIVE_COMPILATION_CONDITIONS = DEBUG;
				SWIFT_OPTIMIZATION_LEVEL = "-Onone";
			};
			name = Debug;
		};
		99B9C40D20D0B25000ADDF01 /* Release */ = {
			isa = XCBuildConfiguration;
			buildSettings = {
				ALWAYS_SEARCH_USER_PATHS = NO;
				CLANG_ANALYZER_NONNULL = YES;
				CLANG_ANALYZER_NUMBER_OBJECT_CONVERSION = YES_AGGRESSIVE;
				CLANG_CXX_LANGUAGE_STANDARD = "gnu++14";
				CLANG_CXX_LIBRARY = "libc++";
				CLANG_ENABLE_MODULES = YES;
				CLANG_ENABLE_OBJC_ARC = YES;
				CLANG_WARN_BLOCK_CAPTURE_AUTORELEASING = YES;
				CLANG_WARN_BOOL_CONVERSION = YES;
				CLANG_WARN_COMMA = YES;
				CLANG_WARN_CONSTANT_CONVERSION = YES;
				CLANG_WARN_DIRECT_OBJC_ISA_USAGE = YES_ERROR;
				CLANG_WARN_DOCUMENTATION_COMMENTS = YES;
				CLANG_WARN_EMPTY_BODY = YES;
				CLANG_WARN_ENUM_CONVERSION = YES;
				CLANG_WARN_INFINITE_RECURSION = YES;
				CLANG_WARN_INT_CONVERSION = YES;
				CLANG_WARN_NON_LITERAL_NULL_CONVERSION = YES;
				CLANG_WARN_OBJC_LITERAL_CONVERSION = YES;
				CLANG_WARN_OBJC_ROOT_CLASS = YES_ERROR;
				CLANG_WARN_RANGE_LOOP_ANALYSIS = YES;
				CLANG_WARN_STRICT_PROTOTYPES = YES;
				CLANG_WARN_SUSPICIOUS_MOVE = YES;
				CLANG_WARN_UNGUARDED_AVAILABILITY = YES_AGGRESSIVE;
				CLANG_WARN_UNREACHABLE_CODE = YES;
				CLANG_WARN__DUPLICATE_METHOD_MATCH = YES;
				CODE_SIGN_IDENTITY = "iPhone Developer";
				COPY_PHASE_STRIP = NO;
				DEBUG_INFORMATION_FORMAT = "dwarf-with-dsym";
				ENABLE_NS_ASSERTIONS = NO;
				ENABLE_STRICT_OBJC_MSGSEND = YES;
				GCC_C_LANGUAGE_STANDARD = gnu11;
				GCC_NO_COMMON_BLOCKS = YES;
				GCC_WARN_64_TO_32_BIT_CONVERSION = YES;
				GCC_WARN_ABOUT_RETURN_TYPE = YES_ERROR;
				GCC_WARN_UNDECLARED_SELECTOR = YES;
				GCC_WARN_UNINITIALIZED_AUTOS = YES_AGGRESSIVE;
				GCC_WARN_UNUSED_FUNCTION = YES;
				GCC_WARN_UNUSED_VARIABLE = YES;
				IPHONEOS_DEPLOYMENT_TARGET = 11.2;
				MTL_ENABLE_DEBUG_INFO = NO;
				SDKROOT = iphoneos;
				SWIFT_OPTIMIZATION_LEVEL = "-Owholemodule";
				VALIDATE_PRODUCT = YES;
			};
			name = Release;
		};
		99B9C40F20D0B25000ADDF01 /* Debug */ = {
			isa = XCBuildConfiguration;
			baseConfigurationReference = D5D3DDA3BDC4C5C733934A4A /* Pods-AutoUITestDemo.debug.xcconfig */;
			buildSettings = {
				ASSETCATALOG_COMPILER_APPICON_NAME = AppIcon;
				CODE_SIGN_STYLE = Automatic;
				DEVELOPMENT_TEAM = 8Y32T66G3J;
				INFOPLIST_FILE = AutoUITestDemo/Info.plist;
				IPHONEOS_DEPLOYMENT_TARGET = 9.0;
				LD_RUNPATH_SEARCH_PATHS = "$(inherited) @executable_path/Frameworks";
				PRODUCT_BUNDLE_IDENTIFIER = com.Dream.AutoUITestDemo;
				PRODUCT_NAME = "$(TARGET_NAME)";
				SWIFT_VERSION = 4.0;
				TARGETED_DEVICE_FAMILY = "1,2";
			};
			name = Debug;
		};
		99B9C41020D0B25000ADDF01 /* Release */ = {
			isa = XCBuildConfiguration;
			baseConfigurationReference = 8A235EFC45809D49BAE8994D /* Pods-AutoUITestDemo.release.xcconfig */;
			buildSettings = {
				ASSETCATALOG_COMPILER_APPICON_NAME = AppIcon;
				CODE_SIGN_STYLE = Automatic;
				DEVELOPMENT_TEAM = 8Y32T66G3J;
				INFOPLIST_FILE = AutoUITestDemo/Info.plist;
				IPHONEOS_DEPLOYMENT_TARGET = 9.0;
				LD_RUNPATH_SEARCH_PATHS = "$(inherited) @executable_path/Frameworks";
				PRODUCT_BUNDLE_IDENTIFIER = com.Dream.AutoUITestDemo;
				PRODUCT_NAME = "$(TARGET_NAME)";
				SWIFT_VERSION = 4.0;
				TARGETED_DEVICE_FAMILY = "1,2";
			};
			name = Release;
		};
/* End XCBuildConfiguration section */

/* Begin XCConfigurationList section */
		99B9C3F720D0B25000ADDF01 /* Build configuration list for PBXProject "AutoUITestDemo" */ = {
			isa = XCConfigurationList;
			buildConfigurations = (
				99B9C40C20D0B25000ADDF01 /* Debug */,
				99B9C40D20D0B25000ADDF01 /* Release */,
			);
			defaultConfigurationIsVisible = 0;
			defaultConfigurationName = Release;
		};
		99B9C40E20D0B25000ADDF01 /* Build configuration list for PBXNativeTarget "AutoUITestDemo" */ = {
			isa = XCConfigurationList;
			buildConfigurations = (
				99B9C40F20D0B25000ADDF01 /* Debug */,
				99B9C41020D0B25000ADDF01 /* Release */,
			);
			defaultConfigurationIsVisible = 0;
			defaultConfigurationName = Release;
		};
/* End XCConfigurationList section */
	};
	rootObject = 99B9C3F420D0B25000ADDF01 /* Project object */;
}
